
Microsoft Visual Studio Solution File, Format Version 12.00
# Visual Studio Version 17
VisualStudioVersion = 17.11.35327.3
MinimumVisualStudioVersion = 10.0.40219.1
Project("{888888A0-9F3D-457C-B088-3A5042F75D52}") = "Django_Framework_Practice", "Django_Framework_Practice.pyproj", "{4C6FB132-F058-46DD-B5A1-1E7A21414029}"
EndProject
Global
	GlobalSection(SolutionConfigurationPlatforms) = preSolution
		Debug|Any CPU = Debug|Any CPU
		Release|Any CPU = Release|Any CPU
	EndGlobalSection
	GlobalSection(ProjectConfigurationPlatforms) = postSolution
		{4C6FB132-F058-46DD-B5A1-1E7A21414029}.Debug|Any CPU.ActiveCfg = Debug|Any CPU
		{4C6FB132-F058-46DD-B5A1-1E7A21414029}.Release|Any CPU.ActiveCfg = Release|Any CPU
	EndGlobalSection
	GlobalSection(SolutionProperties) = preSolution
		HideSolutionNode = FALSE
	EndGlobalSection
	GlobalSection(ExtensibilityGlobals) = postSolution
		SolutionGuid = {75728792-8DC1-47F1-8D61-07A05BC645E2}
	EndGlobalSection
EndGlobal
